// !$*UTF8*$!
{
	archiveVersion = 1;
	classes = {
	};
	objectVersion = 50;
	objects = {

/* Begin PBXBuildFile section */
		26A0DB71233A771A0044068A /* AppDelegate.swift in Sources */ = {isa = PBXBuildFile; fileRef = 26A0DB70233A771A0044068A /* AppDelegate.swift */; };
		26A0DB73233A771A0044068A /* SceneDelegate.swift in Sources */ = {isa = PBXBuildFile; fileRef = 26A0DB72233A771A0044068A /* SceneDelegate.swift */; };
		26A0DB75233A771A0044068A /* ViewController.swift in Sources */ = {isa = PBXBuildFile; fileRef = 26A0DB74233A771A0044068A /* ViewController.swift */; };
		26A0DB78233A771A0044068A /* Main.storyboard in Resources */ = {isa = PBXBuildFile; fileRef = 26A0DB76233A771A0044068A /* Main.storyboard */; };
		26A0DB7A233A771D0044068A /* Assets.xcassets in Resources */ = {isa = PBXBuildFile; fileRef = 26A0DB79233A771D0044068A /* Assets.xcassets */; };
		26A0DB7D233A771D0044068A /* LaunchScreen.storyboard in Resources */ = {isa = PBXBuildFile; fileRef = 26A0DB7B233A771D0044068A /* LaunchScreen.storyboard */; };
		26A0DB85233A7C4C0044068A /* Sound in Resources */ = {isa = PBXBuildFile; fileRef = 26A0DB84233A7C4C0044068A /* Sound */; };
		26A0DB87233A7C970044068A /* Classes.swift in Sources */ = {isa = PBXBuildFile; fileRef = 26A0DB86233A7C970044068A /* Classes.swift */; };
/* End PBXBuildFile section */

/* Begin PBXFileReference section */
		26A0DB6D233A771A0044068A /* Suphe-Pencereler.app */ = {isa = PBXFileReference; explicitFileType = wrapper.application; includeInIndex = 0; path = "Suphe-Pencereler.app"; sourceTree = BUILT_PRODUCTS_DIR; };
		26A0DB70233A771A0044068A /* AppDelegate.swift */ = {isa = PBXFileReference; lastKnownFileType = sourcecode.swift; path = AppDelegate.swift; sourceTree = "<group>"; };
		26A0DB72233A771A0044068A /* SceneDelegate.swift */ = {isa = PBXFileReference; lastKnownFileType = sourcecode.swift; path = SceneDelegate.swift; sourceTree = "<group>"; };
		26A0DB74233A771A0044068A /* ViewController.swift */ = {isa = PBXFileReference; lastKnownFileType = sourcecode.swift; path = ViewController.swift; sourceTree = "<group>"; };
		26A0DB77233A771A0044068A /* Base */ = {isa = PBXFileReference; lastKnownFileType = file.storyboard; name = Base; path = Base.lproj/Main.storyboard; sourceTree = "<group>"; };
		26A0DB79233A771D0044068A /* Assets.xcassets */ = {isa = PBXFileReference; lastKnownFileType = folder.assetcatalog; path = Assets.xcassets; sourceTree = "<group>"; };
		26A0DB7C233A771D0044068A /* Base */ = {isa = PBXFileReference; lastKnownFileType = file.storyboard; name = Base; path = Base.lproj/LaunchScreen.storyboard; sourceTree = "<group>"; };
		26A0DB7E233A771D0044068A /* Info.plist */ = {isa = PBXFileReference; lastKnownFileType = text.plist.xml; path = Info.plist; sourceTree = "<group>"; };
		26A0DB84233A7C4C0044068A /* Sound */ = {isa = PBXFileReference; lastKnownFileType = folder; path = Sound; sourceTree = "<group>"; };
		26A0DB86233A7C970044068A /* Classes.swift */ = {isa = PBXFileReference; lastKnownFileType = sourcecode.swift; path = Classes.swift; sourceTree = "<group>"; };
/* End PBXFileReference section */

/* Begin PBXFrameworksBuildPhase section */
		26A0DB6A233A771A0044068A /* Frameworks */ = {
			isa = PBXFrameworksBuildPhase;
			buildActionMask = 2147483647;
			files = (
			);
			runOnlyForDeploymentPostprocessing = 0;
		};
/* End PBXFrameworksBuildPhase section */

/* Begin PBXGroup section */
		26A0DB64233A771A0044068A = {
			isa = PBXGroup;
			children = (
				26A0DB6F233A771A0044068A /* Suphe-Pencereler */,
				26A0DB6E233A771A0044068A /* Products */,
			);
			sourceTree = "<group>";
		};
		26A0DB6E233A771A0044068A /* Products */ = {
			isa = PBXGroup;
			children = (
				26A0DB6D233A771A0044068A /* Suphe-Pencereler.app */,
			);
			name = Products;
			sourceTree = "<group>";
		};
		26A0DB6F233A771A0044068A /* Suphe-Pencereler */ = {
			isa = PBXGroup;
			children = (
				26A0DB70233A771A0044068A /* AppDelegate.swift */,
				26A0DB72233A771A0044068A /* SceneDelegate.swift */,
				26A0DB74233A771A0044068A /* ViewController.swift */,
				26A0DB76233A771A0044068A /* Main.storyboard */,
				26A0DB79233A771D0044068A /* Assets.xcassets */,
				26A0DB86233A7C970044068A /* Classes.swift */,
				26A0DB84233A7C4C0044068A /* Sound */,
				26A0DB7B233A771D0044068A /* LaunchScreen.storyboard */,
				26A0DB7E233A771D0044068A /* Info.plist */,
			);
			path = "Suphe-Pencereler";
			sourceTree = "<group>";
		};
/* End PBXGroup section */

/* Begin PBXNativeTarget section */
		26A0DB6C233A771A0044068A /* Suphe-Pencereler */ = {
			isa = PBXNativeTarget;
			buildConfigurationList = 26A0DB81233A771D0044068A /* Build configuration list for PBXNativeTarget "Suphe-Pencereler" */;
			buildPhases = (
				26A0DB69233A771A0044068A /* Sources */,
				26A0DB6A233A771A0044068A /* Frameworks */,
				26A0DB6B233A771A0044068A /* Resources */,
			);
			buildRules = (
			);
			dependencies = (
			);
			name = "Suphe-Pencereler";
			productName = "Suphe-Pencereler";
			productReference = 26A0DB6D233A771A0044068A /* Suphe-Pencereler.app */;
			productType = "com.apple.product-type.application";
		};
/* End PBXNativeTarget section */

/* Begin PBXProject section */
		26A0DB65233A771A0044068A /* Project object */ = {
			isa = PBXProject;
			attributes = {
				LastSwiftUpdateCheck = 1100;
				LastUpgradeCheck = 1100;
				ORGANIZATIONNAME = "Ufuk Celen";
				TargetAttributes = {
					26A0DB6C233A771A0044068A = {
						CreatedOnToolsVersion = 11.0;
					};
				};
			};
			buildConfigurationList = 26A0DB68233A771A0044068A /* Build configuration list for PBXProject "Suphe-Pencereler" */;
			compatibilityVersion = "Xcode 9.3";
			developmentRegion = en;
			hasScannedForEncodings = 0;
			knownRegions = (
				en,
				Base,
			);
			mainGroup = 26A0DB64233A771A0044068A;
			productRefGroup = 26A0DB6E233A771A0044068A /* Products */;
			projectDirPath = "";
			projectRoot = "";
			targets = (
				26A0DB6C233A771A0044068A /* Suphe-Pencereler */,
			);
		};
/* End PBXProject section */

/* Begin PBXResourcesBuildPhase section */
		26A0DB6B233A771A0044068A /* Resources */ = {
			isa = PBXResourcesBuildPhase;
			buildActionMask = 2147483647;
			files = (
				26A0DB7D233A771D0044068A /* LaunchScreen.storyboard in Resources */,
				26A0DB7A233A771D0044068A /* Assets.xcassets in Resources */,
				26A0DB85233A7C4C0044068A /* Sound in Resources */,
				26A0DB78233A771A0044068A /* Main.storyboard in Resources */,
			);
			runOnlyForDeploymentPostprocessing = 0;
		};
/* End PBXResourcesBuildPhase section */

/* Begin PBXSourcesBuildPhase section */
		26A0DB69233A771A0044068A /* Sources */ = {
			isa = PBXSourcesBuildPhase;
			buildActionMask = 2147483647;
			files = (
				26A0DB75233A771A0044068A /* ViewController.swift in Sources */,
				26A0DB71233A771A0044068A /* AppDelegate.swift in Sources */,
				26A0DB87233A7C970044068A /* Classes.swift in Sources */,
				26A0DB73233A771A0044068A /* SceneDelegate.swift in Sources */,
			);
			runOnlyForDeploymentPostprocessing = 0;
		};
/* End PBXSourcesBuildPhase section */

/* Begin PBXVariantGroup section */
		26A0DB76233A771A0044068A /* Main.storyboard */ = {
			isa = PBXVariantGroup;
			children = (
				26A0DB77233A771A0044068A /* Base */,
			);
			name = Main.storyboard;
			sourceTree = "<group>";
		};
		26A0DB7B233A771D0044068A /* LaunchScreen.storyboard */ = {
			isa = PBXVariantGroup;
			children = (
				26A0DB7C233A771D0044068A /* Base */,
			);
			name = LaunchScreen.storyboard;
			sourceTree = "<group>";
		};
/* End PBXVariantGroup section */

/* Begin XCBuildConfiguration section */
		26A0DB7F233A771D0044068A /* Debug */ = {
			isa = XCBuildConfiguration;
			buildSettings = {
				ALWAYS_SEARCH_USER_PATHS = NO;
				CLANG_ANALYZER_NONNULL = YES;
				CLANG_ANALYZER_NUMBER_OBJECT_CONVERSION = YES_AGGRESSIVE;
				CLANG_CXX_LANGUAGE_STANDARD = "gnu++14";
				CLANG_CXX_LIBRARY = "libc++";
				CLANG_ENABLE_MODULES = YES;
				CLANG_ENABLE_OBJC_ARC = YES;
				CLANG_ENABLE_OBJC_WEAK = YES;
				CLANG_WARN_BLOCK_CAPTURE_AUTORELEASING = YES;
				CLANG_WARN_BOOL_CONVERSION = YES;
				CLANG_WARN_COMMA = YES;
				CLANG_WARN_CONSTANT_CONVERSION = YES;
				CLANG_WARN_DEPRECATED_OBJC_IMPLEMENTATIONS = YES;
				CLANG_WARN_DIRECT_OBJC_ISA_USAGE = YES_ERROR;
				CLANG_WARN_DOCUMENTATION_COMMENTS = YES;
				CLANG_WARN_EMPTY_BODY = YES;
				CLANG_WARN_ENUM_CONVERSION = YES;
				CLANG_WARN_INFINITE_RECURSION = YES;
				CLANG_WARN_INT_CONVERSION = YES;
				CLANG_WARN_NON_LITERAL_NULL_CONVERSION = YES;
				CLANG_WARN_OBJC_IMPLICIT_RETAIN_SELF = YES;
				CLANG_WARN_OBJC_LITERAL_CONVERSION = YES;
				CLANG_WARN_OBJC_ROOT_CLASS = YES_ERROR;
				CLANG_WARN_RANGE_LOOP_ANALYSIS = YES;
				CLANG_WARN_STRICT_PROTOTYPES = YES;
				CLANG_WARN_SUSPICIOUS_MOVE = YES;
				CLANG_WARN_UNGUARDED_AVAILABILITY = YES_AGGRESSIVE;
				CLANG_WARN_UNREACHABLE_CODE = YES;
				CLANG_WARN__DUPLICATE_METHOD_MATCH = YES;
				COPY_PHASE_STRIP = NO;
				DEBUG_INFORMATION_FORMAT = dwarf;
				ENABLE_STRICT_OBJC_MSGSEND = YES;
				ENABLE_TESTABILITY = YES;
				GCC_C_LANGUAGE_STANDARD = gnu11;
				GCC_DYNAMIC_NO_PIC = NO;
				GCC_NO_COMMON_BLOCKS = YES;
				GCC_OPTIMIZATION_LEVEL = 0;
				GCC_PREPROCESSOR_DEFINITIONS = (
					"DEBUG=1",
					"$(inherited)",
				);
				GCC_WARN_64_TO_32_BIT_CONVERSION = YES;
				GCC_WARN_ABOUT_RETURN_TYPE = YES_ERROR;
				GCC_WARN_UNDECLARED_SELECTOR = YES;
				GCC_WARN_UNINITIALIZED_AUTOS = YES_AGGRESSIVE;
				GCC_WARN_UNUSED_FUNCTION = YES;
				GCC_WARN_UNUSED_VARIABLE = YES;
				IPHONEOS_DEPLOYMENT_TARGET = 13.0;
				MTL_ENABLE_DEBUG_INFO = INCLUDE_SOURCE;
				MTL_FAST_MATH = YES;
				ONLY_ACTIVE_ARCH = YES;
				SDKROOT = iphoneos;
				SWIFT_ACTIVE_COMPILATION_CONDITIONS = DEBUG;
				SWIFT_OPTIMIZATION_LEVEL = "-Onone";
			};
			name = Debug;
		};
		26A0DB80233A771D0044068A /* Release */ = {
			isa = XCBuildConfiguration;
			buildSettings = {
				ALWAYS_SEARCH_USER_PATHS = NO;
				CLANG_ANALYZER_NONNULL = YES;
				CLANG_ANALYZER_NUMBER_OBJECT_CONVERSION = YES_AGGRESSIVE;
				CLANG_CXX_LANGUAGE_STANDARD = "gnu++14";
				CLANG_CXX_LIBRARY = "libc++";
				CLANG_ENABLE_MODULES = YES;
				CLANG_ENABLE_OBJC_ARC = YES;
				CLANG_ENABLE_OBJC_WEAK = YES;
				CLANG_WARN_BLOCK_CAPTURE_AUTORELEASING = YES;
				CLANG_WARN_BOOL_CONVERSION = YES;
				CLANG_WARN_COMMA = YES;
				CLANG_WARN_CONSTANT_CONVERSION = YES;
				CLANG_WARN_DEPRECATED_OBJC_IMPLEMENTATIONS = YES;
				CLANG_WARN_DIRECT_OBJC_ISA_USAGE = YES_ERROR;
				CLANG_WARN_DOCUMENTATION_COMMENTS = YES;
				CLANG_WARN_EMPTY_BODY = YES;
				CLANG_WARN_ENUM_CONVERSION = YES;
				CLANG_WARN_INFINITE_RECURSION = YES;
				CLANG_WARN_INT_CONVERSION = YES;
				CLANG_WARN_NON_LITERAL_NULL_CONVERSION = YES;
				CLANG_WARN_OBJC_IMPLICIT_RETAIN_SELF = YES;
				CLANG_WARN_OBJC_LITERAL_CONVERSION = YES;
				CLANG_WARN_OBJC_ROOT_CLASS = YES_ERROR;
				CLANG_WARN_RANGE_LOOP_ANALYSIS = YES;
				CLANG_WARN_STRICT_PROTOTYPES = YES;
				CLANG_WARN_SUSPICIOUS_MOVE = YES;
				CLANG_WARN_UNGUARDED_AVAILABILITY = YES_AGGRESSIVE;
				CLANG_WARN_UNREACHABLE_CODE = YES;
				CLANG_WARN__DUPLICATE_METHOD_MATCH = YES;
				COPY_PHASE_STRIP = NO;
				DEBUG_INFORMATION_FORMAT = "dwarf-with-dsym";
				ENABLE_NS_ASSERTIONS = NO;
				ENABLE_STRICT_OBJC_MSGSEND = YES;
				GCC_C_LANGUAGE_STANDARD = gnu11;
				GCC_NO_COMMON_BLOCKS = YES;
				GCC_WARN_64_TO_32_BIT_CONVERSION = YES;
				GCC_WARN_ABOUT_RETURN_TYPE = YES_ERROR;
				GCC_WARN_UNDECLARED_SELECTOR = YES;
				GCC_WARN_UNINITIALIZED_AUTOS = YES_AGGRESSIVE;
				GCC_WARN_UNUSED_FUNCTION = YES;
				GCC_WARN_UNUSED_VARIABLE = YES;
				IPHONEOS_DEPLOYMENT_TARGET = 13.0;
				MTL_ENABLE_DEBUG_INFO = NO;
				MTL_FAST_MATH = YES;
				SDKROOT = iphoneos;
				SWIFT_COMPILATION_MODE = wholemodule;
				SWIFT_OPTIMIZATION_LEVEL = "-O";
				VALIDATE_PRODUCT = YES;
			};
			name = Release;
		};
		26A0DB82233A771D0044068A /* Debug */ = {
			isa = XCBuildConfiguration;
			buildSettings = {
				ASSETCATALOG_COMPILER_APPICON_NAME = AppIcon;
				CODE_SIGN_STYLE = Automatic;
				DEVELOPMENT_TEAM = E4A5J638QN;
				INFOPLIST_FILE = "Suphe-Pencereler/Info.plist";
				LD_RUNPATH_SEARCH_PATHS = (
					"$(inherited)",
					"@executable_path/Frameworks",
				);
				PRODUCT_BUNDLE_IDENTIFIER = "Golge.Suphe-Pencereler";
				PRODUCT_NAME = "$(TARGET_NAME)";
				SWIFT_VERSION = 5.0;
				TARGETED_DEVICE_FAMILY = 1;
			};
			name = Debug;
		};
		26A0DB83233A771D0044068A /* Release */ = {
			isa = XCBuildConfiguration;
			buildSettings = {
				ASSETCATALOG_COMPILER_APPICON_NAME = AppIcon;
				CODE_SIGN_STYLE = Automatic;
				DEVELOPMENT_TEAM = E4A5J638QN;
				INFOPLIST_FILE = "Suphe-Pencereler/Info.plist";
				LD_RUNPATH_SEARCH_PATHS = (
					"$(inherited)",
					"@executable_path/Frameworks",
				);
				PRODUCT_BUNDLE_IDENTIFIER = "Golge.Suphe-Pencereler";
				PRODUCT_NAME = "$(TARGET_NAME)";
				SWIFT_VERSION = 5.0;
				TARGETED_DEVICE_FAMILY = 1;
			};
			name = Release;
		};
/* End XCBuildConfiguration section */

/* Begin XCConfigurationList section */
		26A0DB68233A771A0044068A /* Build configuration list for PBXProject "Suphe-Pencereler" */ = {
			isa = XCConfigurationList;
			buildConfigurations = (
				26A0DB7F233A771D0044068A /* Debug */,
				26A0DB80233A771D0044068A /* Release */,
			);
			defaultConfigurationIsVisible = 0;
			defaultConfigurationName = Release;
		};
		26A0DB81233A771D0044068A /* Build configuration list for PBXNativeTarget "Suphe-Pencereler" */ = {
			isa = XCConfigurationList;
			buildConfigurations = (
				26A0DB82233A771D0044068A /* Debug */,
				26A0DB83233A771D0044068A /* Release */,
			);
			defaultConfigurationIsVisible = 0;
			defaultConfigurationName = Release;
		};
/* End XCConfigurationList section */
	};
	rootObject = 26A0DB65233A771A0044068A /* Project object */;
}
